PODS:
  - box-ios-content-sdk (1.0.0):
    - box-ios-content-sdk/logger (= 1.0.0)
    - box-ios-content-sdk/no-arc (= 1.0.0)
  - box-ios-content-sdk/logger (1.0.0)
  - box-ios-content-sdk/no-arc (1.0.0):
    - box-ios-content-sdk/logger
  - box-ios-share-sdk (1.0.0):
    - box-ios-content-sdk

DEPENDENCIES:
  - box-ios-share-sdk (from `../`)

EXTERNAL SOURCES:
  box-ios-share-sdk:
    :path: ../

SPEC CHECKSUMS:
  box-ios-content-sdk: 7be737de0b0d608623cc89c2af49660b2b724422
  box-ios-share-sdk: 9bf49c1c1bd04b3aff210a88dbe95f5e2248384f

COCOAPODS: 0.36.3
